// !$*UTF8*$!
{
	archiveVersion = 1;
	classes = {
	};
	objectVersion = 56;
	objects = {

/* Begin PBXBuildFile section */
		B4F07CB12BA52BF500A85F90 /* PostDetailViewModel.swift in Sources */ = {isa = PBXBuildFile; fileRef = B4F07C992BA52BF500A85F90 /* PostDetailViewModel.swift */; };
		B4F07CB22BA52BF500A85F90 /* UserListViewModel.swift in Sources */ = {isa = PBXBuildFile; fileRef = B4F07C9A2BA52BF500A85F90 /* UserListViewModel.swift */; };
		B4F07CB32BA52BF500A85F90 /* UserDetailViewModel.swift in Sources */ = {isa = PBXBuildFile; fileRef = B4F07C9B2BA52BF500A85F90 /* UserDetailViewModel.swift */; };
		B4F07CB42BA52BF500A85F90 /* PostListViewModel.swift in Sources */ = {isa = PBXBuildFile; fileRef = B4F07C9C2BA52BF500A85F90 /* PostListViewModel.swift */; };
		B4F07CB52BA52BF500A85F90 /* FavoritePostsViewModel.swift in Sources */ = {isa = PBXBuildFile; fileRef = B4F07C9D2BA52BF500A85F90 /* FavoritePostsViewModel.swift */; };
		B4F07CB62BA52BF500A85F90 /* Comment.swift in Sources */ = {isa = PBXBuildFile; fileRef = B4F07C9F2BA52BF500A85F90 /* Comment.swift */; };
		B4F07CB72BA52BF500A85F90 /* User.swift in Sources */ = {isa = PBXBuildFile; fileRef = B4F07CA02BA52BF500A85F90 /* User.swift */; };
		B4F07CB82BA52BF500A85F90 /* Post.swift in Sources */ = {isa = PBXBuildFile; fileRef = B4F07CA12BA52BF500A85F90 /* Post.swift */; };
		B4F07CB92BA52BF500A85F90 /* Assets.xcassets in Resources */ = {isa = PBXBuildFile; fileRef = B4F07CA22BA52BF500A85F90 /* Assets.xcassets */; };
		B4F07CBA2BA52BF500A85F90 /* Preview Assets.xcassets in Resources */ = {isa = PBXBuildFile; fileRef = B4F07CA42BA52BF500A85F90 /* Preview Assets.xcassets */; };
		B4F07CBB2BA52BF500A85F90 /* FavoritePostsView.swift in Sources */ = {isa = PBXBuildFile; fileRef = B4F07CA62BA52BF500A85F90 /* FavoritePostsView.swift */; };
		B4F07CBC2BA52BF500A85F90 /* PostListView.swift in Sources */ = {isa = PBXBuildFile; fileRef = B4F07CA72BA52BF500A85F90 /* PostListView.swift */; };
		B4F07CBD2BA52BF500A85F90 /* UserListView.swift in Sources */ = {isa = PBXBuildFile; fileRef = B4F07CA82BA52BF500A85F90 /* UserListView.swift */; };
		B4F07CBE2BA52BF500A85F90 /* PostDetailView.swift in Sources */ = {isa = PBXBuildFile; fileRef = B4F07CA92BA52BF500A85F90 /* PostDetailView.swift */; };
		B4F07CBF2BA52BF500A85F90 /* RootView.swift in Sources */ = {isa = PBXBuildFile; fileRef = B4F07CAA2BA52BF500A85F90 /* RootView.swift */; };
		B4F07CC02BA52BF500A85F90 /* UserDetailView.swift in Sources */ = {isa = PBXBuildFile; fileRef = B4F07CAB2BA52BF500A85F90 /* UserDetailView.swift */; };
		B4F07CC12BA52BF500A85F90 /* APIService.swift in Sources */ = {isa = PBXBuildFile; fileRef = B4F07CAD2BA52BF500A85F90 /* APIService.swift */; };
		B4F07CC22BA52BF500A85F90 /* JsonPlaceholderApp.swift in Sources */ = {isa = PBXBuildFile; fileRef = B4F07CAE2BA52BF500A85F90 /* JsonPlaceholderApp.swift */; };
		B4F07CC32BA52BF500A85F90 /* FavoritePostsManager.swift in Sources */ = {isa = PBXBuildFile; fileRef = B4F07CB02BA52BF500A85F90 /* FavoritePostsManager.swift */; };
/* End PBXBuildFile section */

/* Begin PBXFileReference section */
		B48574E929C199B8001F6039 /* JsonPlaceholderApp.app */ = {isa = PBXFileReference; explicitFileType = wrapper.application; includeInIndex = 0; path = JsonPlaceholderApp.app; sourceTree = BUILT_PRODUCTS_DIR; };
		B4F07C992BA52BF500A85F90 /* PostDetailViewModel.swift */ = {isa = PBXFileReference; fileEncoding = 4; lastKnownFileType = sourcecode.swift; path = PostDetailViewModel.swift; sourceTree = "<group>"; };
		B4F07C9A2BA52BF500A85F90 /* UserListViewModel.swift */ = {isa = PBXFileReference; fileEncoding = 4; lastKnownFileType = sourcecode.swift; path = UserListViewModel.swift; sourceTree = "<group>"; };
		B4F07C9B2BA52BF500A85F90 /* UserDetailViewModel.swift */ = {isa = PBXFileReference; fileEncoding = 4; lastKnownFileType = sourcecode.swift; path = UserDetailViewModel.swift; sourceTree = "<group>"; };
		B4F07C9C2BA52BF500A85F90 /* PostListViewModel.swift */ = {isa = PBXFileReference; fileEncoding = 4; lastKnownFileType = sourcecode.swift; path = PostListViewModel.swift; sourceTree = "<group>"; };
		B4F07C9D2BA52BF500A85F90 /* FavoritePostsViewModel.swift */ = {isa = PBXFileReference; fileEncoding = 4; lastKnownFileType = sourcecode.swift; path = FavoritePostsViewModel.swift; sourceTree = "<group>"; };
		B4F07C9F2BA52BF500A85F90 /* Comment.swift */ = {isa = PBXFileReference; fileEncoding = 4; lastKnownFileType = sourcecode.swift; path = Comment.swift; sourceTree = "<group>"; };
		B4F07CA02BA52BF500A85F90 /* User.swift */ = {isa = PBXFileReference; fileEncoding = 4; lastKnownFileType = sourcecode.swift; path = User.swift; sourceTree = "<group>"; };
		B4F07CA12BA52BF500A85F90 /* Post.swift */ = {isa = PBXFileReference; fileEncoding = 4; lastKnownFileType = sourcecode.swift; path = Post.swift; sourceTree = "<group>"; };
		B4F07CA22BA52BF500A85F90 /* Assets.xcassets */ = {isa = PBXFileReference; lastKnownFileType = folder.assetcatalog; path = Assets.xcassets; sourceTree = "<group>"; };
		B4F07CA42BA52BF500A85F90 /* Preview Assets.xcassets */ = {isa = PBXFileReference; lastKnownFileType = folder.assetcatalog; path = "Preview Assets.xcassets"; sourceTree = "<group>"; };
		B4F07CA62BA52BF500A85F90 /* FavoritePostsView.swift */ = {isa = PBXFileReference; fileEncoding = 4; lastKnownFileType = sourcecode.swift; path = FavoritePostsView.swift; sourceTree = "<group>"; };
		B4F07CA72BA52BF500A85F90 /* PostListView.swift */ = {isa = PBXFileReference; fileEncoding = 4; lastKnownFileType = sourcecode.swift; path = PostListView.swift; sourceTree = "<group>"; };
		B4F07CA82BA52BF500A85F90 /* UserListView.swift */ = {isa = PBXFileReference; fileEncoding = 4; lastKnownFileType = sourcecode.swift; path = UserListView.swift; sourceTree = "<group>"; };
		B4F07CA92BA52BF500A85F90 /* PostDetailView.swift */ = {isa = PBXFileReference; fileEncoding = 4; lastKnownFileType = sourcecode.swift; path = PostDetailView.swift; sourceTree = "<group>"; };
		B4F07CAA2BA52BF500A85F90 /* RootView.swift */ = {isa = PBXFileReference; fileEncoding = 4; lastKnownFileType = sourcecode.swift; path = RootView.swift; sourceTree = "<group>"; };
		B4F07CAB2BA52BF500A85F90 /* UserDetailView.swift */ = {isa = PBXFileReference; fileEncoding = 4; lastKnownFileType = sourcecode.swift; path = UserDetailView.swift; sourceTree = "<group>"; };
		B4F07CAD2BA52BF500A85F90 /* APIService.swift */ = {isa = PBXFileReference; fileEncoding = 4; lastKnownFileType = sourcecode.swift; path = APIService.swift; sourceTree = "<group>"; };
		B4F07CAE2BA52BF500A85F90 /* JsonPlaceholderApp.swift */ = {isa = PBXFileReference; fileEncoding = 4; lastKnownFileType = sourcecode.swift; path = JsonPlaceholderApp.swift; sourceTree = "<group>"; };
		B4F07CB02BA52BF500A85F90 /* FavoritePostsManager.swift */ = {isa = PBXFileReference; fileEncoding = 4; lastKnownFileType = sourcecode.swift; path = FavoritePostsManager.swift; sourceTree = "<group>"; };
/* End PBXFileReference section */

/* Begin PBXFrameworksBuildPhase section */
		B48574E629C199B8001F6039 /* Frameworks */ = {
			isa = PBXFrameworksBuildPhase;
			buildActionMask = 2147483647;
			files = (
			);
			runOnlyForDeploymentPostprocessing = 0;
		};
/* End PBXFrameworksBuildPhase section */

/* Begin PBXGroup section */
		B48574E029C199B8001F6039 = {
			isa = PBXGroup;
			children = (
				B4F07C972BA52BF500A85F90 /* JsonPlaceholderApp */,
				B48574EA29C199B8001F6039 /* Products */,
			);
			sourceTree = "<group>";
		};
		B48574EA29C199B8001F6039 /* Products */ = {
			isa = PBXGroup;
			children = (
				B48574E929C199B8001F6039 /* JsonPlaceholderApp.app */,
			);
			name = Products;
			sourceTree = "<group>";
		};
		B4F07C972BA52BF500A85F90 /* JsonPlaceholderApp */ = {
			isa = PBXGroup;
			children = (
				B4F07C982BA52BF500A85F90 /* ViewModel */,
				B4F07C9E2BA52BF500A85F90 /* Entity */,
				B4F07CA22BA52BF500A85F90 /* Assets.xcassets */,
				B4F07CA32BA52BF500A85F90 /* Preview Content */,
				B4F07CA52BA52BF500A85F90 /* View */,
				B4F07CAC2BA52BF500A85F90 /* Service */,
				B4F07CAE2BA52BF500A85F90 /* JsonPlaceholderApp.swift */,
				B4F07CAF2BA52BF500A85F90 /* Utility */,
			);
			path = JsonPlaceholderApp;
			sourceTree = "<group>";
		};
		B4F07C982BA52BF500A85F90 /* ViewModel */ = {
			isa = PBXGroup;
			children = (
				B4F07C992BA52BF500A85F90 /* PostDetailViewModel.swift */,
				B4F07C9A2BA52BF500A85F90 /* UserListViewModel.swift */,
				B4F07C9B2BA52BF500A85F90 /* UserDetailViewModel.swift */,
				B4F07C9C2BA52BF500A85F90 /* PostListViewModel.swift */,
				B4F07C9D2BA52BF500A85F90 /* FavoritePostsViewModel.swift */,
			);
			path = ViewModel;
			sourceTree = "<group>";
		};
		B4F07C9E2BA52BF500A85F90 /* Entity */ = {
			isa = PBXGroup;
			children = (
				B4F07C9F2BA52BF500A85F90 /* Comment.swift */,
				B4F07CA02BA52BF500A85F90 /* User.swift */,
				B4F07CA12BA52BF500A85F90 /* Post.swift */,
			);
			path = Entity;
			sourceTree = "<group>";
		};
		B4F07CA32BA52BF500A85F90 /* Preview Content */ = {
			isa = PBXGroup;
			children = (
				B4F07CA42BA52BF500A85F90 /* Preview Assets.xcassets */,
			);
			path = "Preview Content";
			sourceTree = "<group>";
		};
		B4F07CA52BA52BF500A85F90 /* View */ = {
			isa = PBXGroup;
			children = (
				B4F07CA62BA52BF500A85F90 /* FavoritePostsView.swift */,
				B4F07CA72BA52BF500A85F90 /* PostListView.swift */,
				B4F07CA82BA52BF500A85F90 /* UserListView.swift */,
				B4F07CA92BA52BF500A85F90 /* PostDetailView.swift */,
				B4F07CAA2BA52BF500A85F90 /* RootView.swift */,
				B4F07CAB2BA52BF500A85F90 /* UserDetailView.swift */,
			);
			path = View;
			sourceTree = "<group>";
		};
		B4F07CAC2BA52BF500A85F90 /* Service */ = {
			isa = PBXGroup;
			children = (
				B4F07CAD2BA52BF500A85F90 /* APIService.swift */,
			);
			path = Service;
			sourceTree = "<group>";
		};
		B4F07CAF2BA52BF500A85F90 /* Utility */ = {
			isa = PBXGroup;
			children = (
				B4F07CB02BA52BF500A85F90 /* FavoritePostsManager.swift */,
			);
			path = Utility;
			sourceTree = "<group>";
		};
/* End PBXGroup section */

/* Begin PBXNativeTarget section */
		B48574E829C199B8001F6039 /* JsonPlaceholderApp */ = {
			isa = PBXNativeTarget;
			buildConfigurationList = B48574F729C199B9001F6039 /* Build configuration list for PBXNativeTarget "JsonPlaceholderApp" */;
			buildPhases = (
				B48574E529C199B8001F6039 /* Sources */,
				B48574E629C199B8001F6039 /* Frameworks */,
				B48574E729C199B8001F6039 /* Resources */,
			);
			buildRules = (
			);
			dependencies = (
			);
			name = JsonPlaceholderApp;
			productName = JsonPlaceholderAppSwiftUI;
			productReference = B48574E929C199B8001F6039 /* JsonPlaceholderApp.app */;
			productType = "com.apple.product-type.application";
		};
/* End PBXNativeTarget section */

/* Begin PBXProject section */
		B48574E129C199B8001F6039 /* Project object */ = {
			isa = PBXProject;
			attributes = {
				BuildIndependentTargetsInParallel = 1;
				LastSwiftUpdateCheck = 1410;
				LastUpgradeCheck = 1410;
				TargetAttributes = {
					B48574E829C199B8001F6039 = {
						CreatedOnToolsVersion = 14.1;
					};
				};
			};
			buildConfigurationList = B48574E429C199B8001F6039 /* Build configuration list for PBXProject "JsonPlaceholderApp" */;
			compatibilityVersion = "Xcode 14.0";
			developmentRegion = en;
			hasScannedForEncodings = 0;
			knownRegions = (
				en,
				Base,
			);
			mainGroup = B48574E029C199B8001F6039;
			productRefGroup = B48574EA29C199B8001F6039 /* Products */;
			projectDirPath = "";
			projectRoot = "";
			targets = (
				B48574E829C199B8001F6039 /* JsonPlaceholderApp */,
			);
		};
/* End PBXProject section */

/* Begin PBXResourcesBuildPhase section */
		B48574E729C199B8001F6039 /* Resources */ = {
			isa = PBXResourcesBuildPhase;
			buildActionMask = 2147483647;
			files = (
				B4F07CBA2BA52BF500A85F90 /* Preview Assets.xcassets in Resources */,
				B4F07CB92BA52BF500A85F90 /* Assets.xcassets in Resources */,
			);
			runOnlyForDeploymentPostprocessing = 0;
		};
/* End PBXResourcesBuildPhase section */

/* Begin PBXSourcesBuildPhase section */
		B48574E529C199B8001F6039 /* Sources */ = {
			isa = PBXSourcesBuildPhase;
			buildActionMask = 2147483647;
			files = (
				B4F07CB52BA52BF500A85F90 /* FavoritePostsViewModel.swift in Sources */,
				B4F07CC12BA52BF500A85F90 /* APIService.swift in Sources */,
				B4F07CB62BA52BF500A85F90 /* Comment.swift in Sources */,
				B4F07CC22BA52BF500A85F90 /* JsonPlaceholderApp.swift in Sources */,
				B4F07CB42BA52BF500A85F90 /* PostListViewModel.swift in Sources */,
				B4F07CBE2BA52BF500A85F90 /* PostDetailView.swift in Sources */,
				B4F07CC02BA52BF500A85F90 /* UserDetailView.swift in Sources */,
				B4F07CB82BA52BF500A85F90 /* Post.swift in Sources */,
				B4F07CBC2BA52BF500A85F90 /* PostListView.swift in Sources */,
				B4F07CC32BA52BF500A85F90 /* FavoritePostsManager.swift in Sources */,
				B4F07CB32BA52BF500A85F90 /* UserDetailViewModel.swift in Sources */,
				B4F07CBB2BA52BF500A85F90 /* FavoritePostsView.swift in Sources */,
				B4F07CBD2BA52BF500A85F90 /* UserListView.swift in Sources */,
				B4F07CBF2BA52BF500A85F90 /* RootView.swift in Sources */,
				B4F07CB12BA52BF500A85F90 /* PostDetailViewModel.swift in Sources */,
				B4F07CB22BA52BF500A85F90 /* UserListViewModel.swift in Sources */,
				B4F07CB72BA52BF500A85F90 /* User.swift in Sources */,
			);
			runOnlyForDeploymentPostprocessing = 0;
		};
/* End PBXSourcesBuildPhase section */

/* Begin XCBuildConfiguration section */
		B48574F529C199B9001F6039 /* Debug */ = {
			isa = XCBuildConfiguration;
			buildSettings = {
				ALWAYS_SEARCH_USER_PATHS = NO;
				CLANG_ANALYZER_NONNULL = YES;
				CLANG_ANALYZER_NUMBER_OBJECT_CONVERSION = YES_AGGRESSIVE;
				CLANG_CXX_LANGUAGE_STANDARD = "gnu++20";
				CLANG_ENABLE_MODULES = YES;
				CLANG_ENABLE_OBJC_ARC = YES;
				CLANG_ENABLE_OBJC_WEAK = YES;
				CLANG_WARN_BLOCK_CAPTURE_AUTORELEASING = YES;
				CLANG_WARN_BOOL_CONVERSION = YES;
				CLANG_WARN_COMMA = YES;
				CLANG_WARN_CONSTANT_CONVERSION = YES;
				CLANG_WARN_DEPRECATED_OBJC_IMPLEMENTATIONS = YES;
				CLANG_WARN_DIRECT_OBJC_ISA_USAGE = YES_ERROR;
				CLANG_WARN_DOCUMENTATION_COMMENTS = YES;
				CLANG_WARN_EMPTY_BODY = YES;
				CLANG_WARN_ENUM_CONVERSION = YES;
				CLANG_WARN_INFINITE_RECURSION = YES;
				CLANG_WARN_INT_CONVERSION = YES;
				CLANG_WARN_NON_LITERAL_NULL_CONVERSION = YES;
				CLANG_WARN_OBJC_IMPLICIT_RETAIN_SELF = YES;
				CLANG_WARN_OBJC_LITERAL_CONVERSION = YES;
				CLANG_WARN_OBJC_ROOT_CLASS = YES_ERROR;
				CLANG_WARN_QUOTED_INCLUDE_IN_FRAMEWORK_HEADER = YES;
				CLANG_WARN_RANGE_LOOP_ANALYSIS = YES;
				CLANG_WARN_STRICT_PROTOTYPES = YES;
				CLANG_WARN_SUSPICIOUS_MOVE = YES;
				CLANG_WARN_UNGUARDED_AVAILABILITY = YES_AGGRESSIVE;
				CLANG_WARN_UNREACHABLE_CODE = YES;
				CLANG_WARN__DUPLICATE_METHOD_MATCH = YES;
				COPY_PHASE_STRIP = NO;
				DEBUG_INFORMATION_FORMAT = dwarf;
				ENABLE_STRICT_OBJC_MSGSEND = YES;
				ENABLE_TESTABILITY = YES;
				GCC_C_LANGUAGE_STANDARD = gnu11;
				GCC_DYNAMIC_NO_PIC = NO;
				GCC_NO_COMMON_BLOCKS = YES;
				GCC_OPTIMIZATION_LEVEL = 0;
				GCC_PREPROCESSOR_DEFINITIONS = (
					"DEBUG=1",
					"$(inherited)",
				);
				GCC_WARN_64_TO_32_BIT_CONVERSION = YES;
				GCC_WARN_ABOUT_RETURN_TYPE = YES_ERROR;
				GCC_WARN_UNDECLARED_SELECTOR = YES;
				GCC_WARN_UNINITIALIZED_AUTOS = YES_AGGRESSIVE;
				GCC_WARN_UNUSED_FUNCTION = YES;
				GCC_WARN_UNUSED_VARIABLE = YES;
				IPHONEOS_DEPLOYMENT_TARGET = 16.0;
				MTL_ENABLE_DEBUG_INFO = INCLUDE_SOURCE;
				MTL_FAST_MATH = YES;
				ONLY_ACTIVE_ARCH = YES;
				SDKROOT = iphoneos;
				SWIFT_ACTIVE_COMPILATION_CONDITIONS = DEBUG;
				SWIFT_OPTIMIZATION_LEVEL = "-Onone";
			};
			name = Debug;
		};
		B48574F629C199B9001F6039 /* Release */ = {
			isa = XCBuildConfiguration;
			buildSettings = {
				ALWAYS_SEARCH_USER_PATHS = NO;
				CLANG_ANALYZER_NONNULL = YES;
				CLANG_ANALYZER_NUMBER_OBJECT_CONVERSION = YES_AGGRESSIVE;
				CLANG_CXX_LANGUAGE_STANDARD = "gnu++20";
				CLANG_ENABLE_MODULES = YES;
				CLANG_ENABLE_OBJC_ARC = YES;
				CLANG_ENABLE_OBJC_WEAK = YES;
				CLANG_WARN_BLOCK_CAPTURE_AUTORELEASING = YES;
				CLANG_WARN_BOOL_CONVERSION = YES;
				CLANG_WARN_COMMA = YES;
				CLANG_WARN_CONSTANT_CONVERSION = YES;
				CLANG_WARN_DEPRECATED_OBJC_IMPLEMENTATIONS = YES;
				CLANG_WARN_DIRECT_OBJC_ISA_USAGE = YES_ERROR;
				CLANG_WARN_DOCUMENTATION_COMMENTS = YES;
				CLANG_WARN_EMPTY_BODY = YES;
				CLANG_WARN_ENUM_CONVERSION = YES;
				CLANG_WARN_INFINITE_RECURSION = YES;
				CLANG_WARN_INT_CONVERSION = YES;
				CLANG_WARN_NON_LITERAL_NULL_CONVERSION = YES;
				CLANG_WARN_OBJC_IMPLICIT_RETAIN_SELF = YES;
				CLANG_WARN_OBJC_LITERAL_CONVERSION = YES;
				CLANG_WARN_OBJC_ROOT_CLASS = YES_ERROR;
				CLANG_WARN_QUOTED_INCLUDE_IN_FRAMEWORK_HEADER = YES;
				CLANG_WARN_RANGE_LOOP_ANALYSIS = YES;
				CLANG_WARN_STRICT_PROTOTYPES = YES;
				CLANG_WARN_SUSPICIOUS_MOVE = YES;
				CLANG_WARN_UNGUARDED_AVAILABILITY = YES_AGGRESSIVE;
				CLANG_WARN_UNREACHABLE_CODE = YES;
				CLANG_WARN__DUPLICATE_METHOD_MATCH = YES;
				COPY_PHASE_STRIP = NO;
				DEBUG_INFORMATION_FORMAT = "dwarf-with-dsym";
				ENABLE_NS_ASSERTIONS = NO;
				ENABLE_STRICT_OBJC_MSGSEND = YES;
				GCC_C_LANGUAGE_STANDARD = gnu11;
				GCC_NO_COMMON_BLOCKS = YES;
				GCC_WARN_64_TO_32_BIT_CONVERSION = YES;
				GCC_WARN_ABOUT_RETURN_TYPE = YES_ERROR;
				GCC_WARN_UNDECLARED_SELECTOR = YES;
				GCC_WARN_UNINITIALIZED_AUTOS = YES_AGGRESSIVE;
				GCC_WARN_UNUSED_FUNCTION = YES;
				GCC_WARN_UNUSED_VARIABLE = YES;
				IPHONEOS_DEPLOYMENT_TARGET = 16.0;
				MTL_ENABLE_DEBUG_INFO = NO;
				MTL_FAST_MATH = YES;
				SDKROOT = iphoneos;
				SWIFT_COMPILATION_MODE = wholemodule;
				SWIFT_OPTIMIZATION_LEVEL = "-O";
				VALIDATE_PRODUCT = YES;
			};
			name = Release;
		};
		B48574F829C199B9001F6039 /* Debug */ = {
			isa = XCBuildConfiguration;
			buildSettings = {
				ASSETCATALOG_COMPILER_APPICON_NAME = AppIcon;
				ASSETCATALOG_COMPILER_GLOBAL_ACCENT_COLOR_NAME = AccentColor;
				CODE_SIGN_STYLE = Automatic;
				CURRENT_PROJECT_VERSION = 1;
				DEVELOPMENT_ASSET_PATHS = "\"JsonPlaceholderApp/Preview Content\"";
				DEVELOPMENT_TEAM = MX2B93FCVT;
				ENABLE_PREVIEWS = YES;
				GENERATE_INFOPLIST_FILE = YES;
				INFOPLIST_KEY_UIApplicationSceneManifest_Generation = YES;
				INFOPLIST_KEY_UIApplicationSupportsIndirectInputEvents = YES;
				INFOPLIST_KEY_UILaunchScreen_Generation = YES;
				INFOPLIST_KEY_UISupportedInterfaceOrientations_iPad = "UIInterfaceOrientationPortrait UIInterfaceOrientationPortraitUpsideDown UIInterfaceOrientationLandscapeLeft UIInterfaceOrientationLandscapeRight";
				INFOPLIST_KEY_UISupportedInterfaceOrientations_iPhone = "UIInterfaceOrientationPortrait UIInterfaceOrientationLandscapeLeft UIInterfaceOrientationLandscapeRight";
				IPHONEOS_DEPLOYMENT_TARGET = 16.0;
				LD_RUNPATH_SEARCH_PATHS = (
					"$(inherited)",
					"@executable_path/Frameworks",
				);
				MARKETING_VERSION = 1.0;
				PRODUCT_BUNDLE_IDENTIFIER = com.skw398.JsonPlaceholderApp;
				PRODUCT_NAME = "$(TARGET_NAME)";
				SWIFT_EMIT_LOC_STRINGS = YES;
				SWIFT_VERSION = 5.0;
				TARGETED_DEVICE_FAMILY = "1,2";
			};
			name = Debug;
		};
		B48574F929C199B9001F6039 /* Release */ = {
			isa = XCBuildConfiguration;
			buildSettings = {
				ASSETCATALOG_COMPILER_APPICON_NAME = AppIcon;
				ASSETCATALOG_COMPILER_GLOBAL_ACCENT_COLOR_NAME = AccentColor;
				CODE_SIGN_STYLE = Automatic;
				CURRENT_PROJECT_VERSION = 1;
				DEVELOPMENT_ASSET_PATHS = "\"JsonPlaceholderApp/Preview Content\"";
				DEVELOPMENT_TEAM = MX2B93FCVT;
				ENABLE_PREVIEWS = YES;
				GENERATE_INFOPLIST_FILE = YES;
				INFOPLIST_KEY_UIApplicationSceneManifest_Generation = YES;
				INFOPLIST_KEY_UIApplicationSupportsIndirectInputEvents = YES;
				INFOPLIST_KEY_UILaunchScreen_Generation = YES;
				INFOPLIST_KEY_UISupportedInterfaceOrientations_iPad = "UIInterfaceOrientationPortrait UIInterfaceOrientationPortraitUpsideDown UIInterfaceOrientationLandscapeLeft UIInterfaceOrientationLandscapeRight";
				INFOPLIST_KEY_UISupportedInterfaceOrientations_iPhone = "UIInterfaceOrientationPortrait UIInterfaceOrientationLandscapeLeft UIInterfaceOrientationLandscapeRight";
				IPHONEOS_DEPLOYMENT_TARGET = 16.0;
				LD_RUNPATH_SEARCH_PATHS = (
					"$(inherited)",
					"@executable_path/Frameworks",
				);
				MARKETING_VERSION = 1.0;
				PRODUCT_BUNDLE_IDENTIFIER = com.skw398.JsonPlaceholderApp;
				PRODUCT_NAME = "$(TARGET_NAME)";
				SWIFT_EMIT_LOC_STRINGS = YES;
				SWIFT_VERSION = 5.0;
				TARGETED_DEVICE_FAMILY = "1,2";
			};
			name = Release;
		};
/* End XCBuildConfiguration section */

/* Begin XCConfigurationList section */
		B48574E429C199B8001F6039 /* Build configuration list for PBXProject "JsonPlaceholderApp" */ = {
			isa = XCConfigurationList;
			buildConfigurations = (
				B48574F529C199B9001F6039 /* Debug */,
				B48574F629C199B9001F6039 /* Release */,
			);
			defaultConfigurationIsVisible = 0;
			defaultConfigurationName = Release;
		};
		B48574F729C199B9001F6039 /* Build configuration list for PBXNativeTarget "JsonPlaceholderApp" */ = {
			isa = XCConfigurationList;
			buildConfigurations = (
				B48574F829C199B9001F6039 /* Debug */,
				B48574F929C199B9001F6039 /* Release */,
			);
			defaultConfigurationIsVisible = 0;
			defaultConfigurationName = Release;
		};
/* End XCConfigurationList section */
	};
	rootObject = B48574E129C199B8001F6039 /* Project object */;
}
